
Microsoft Visual Studio Solution File, Format Version 12.00
# Visual Studio 15
VisualStudioVersion = 15.0.28010.2003
MinimumVisualStudioVersion = 10.0.40219.1
Project("{FAE04EC0-301F-11D3-BF4B-00C04F79EFBC}") = "AirQA.Android", "AirQA\AirQA.Android\AirQA.Android.csproj", "{3062CAC3-B80F-49AD-BA7A-40612799154B}"
EndProject
Project("{FAE04EC0-301F-11D3-BF4B-00C04F79EFBC}") = "AirQA.iOS", "AirQA\AirQA.iOS\AirQA.iOS.csproj", "{A7A6C520-E7F7-4CBC-8E1D-D001A9CD480F}"
EndProject
Project("{FAE04EC0-301F-11D3-BF4B-00C04F79EFBC}") = "AirQA", "AirQA\AirQA\AirQA.csproj", "{31BF8665-7EA2-42DF-9D61-905AE1045D7B}"
EndProject
Global
	GlobalSection(SolutionConfigurationPlatforms) = preSolution
		Ad-Hoc|Any CPU = Ad-Hoc|Any CPU
		Ad-Hoc|iPhone = Ad-Hoc|iPhone
		Ad-Hoc|iPhoneSimulator = Ad-Hoc|iPhoneSimulator
		AppStore|Any CPU = AppStore|Any CPU
		AppStore|iPhone = AppStore|iPhone
		AppStore|iPhoneSimulator = AppStore|iPhoneSimulator
		Debug|Any CPU = Debug|Any CPU
		Debug|iPhone = Debug|iPhone
		Debug|iPhoneSimulator = Debug|iPhoneSimulator
		Release|Any CPU = Release|Any CPU
		Release|iPhone = Release|iPhone
		Release|iPhoneSimulator = Release|iPhoneSimulator
	EndGlobalSection
	GlobalSection(ProjectConfigurationPlatforms) = postSolution
		{3062CAC3-B80F-49AD-BA7A-40612799154B}.Ad-Hoc|Any CPU.ActiveCfg = Release|Any CPU
		{3062CAC3-B80F-49AD-BA7A-40612799154B}.Ad-Hoc|Any CPU.Build.0 = Release|Any CPU
		{3062CAC3-B80F-49AD-BA7A-40612799154B}.Ad-Hoc|Any CPU.Deploy.0 = Release|Any CPU
		{3062CAC3-B80F-49AD-BA7A-40612799154B}.Ad-Hoc|iPhone.ActiveCfg = Release|Any CPU
		{3062CAC3-B80F-49AD-BA7A-40612799154B}.Ad-Hoc|iPhone.Build.0 = Release|Any CPU
		{3062CAC3-B80F-49AD-BA7A-40612799154B}.Ad-Hoc|iPhone.Deploy.0 = Release|Any CPU
		{3062CAC3-B80F-49AD-BA7A-40612799154B}.Ad-Hoc|iPhoneSimulator.ActiveCfg = Release|Any CPU
		{3062CAC3-B80F-49AD-BA7A-40612799154B}.Ad-Hoc|iPhoneSimulator.Build.0 = Release|Any CPU
		{3062CAC3-B80F-49AD-BA7A-40612799154B}.Ad-Hoc|iPhoneSimulator.Deploy.0 = Release|Any CPU
		{3062CAC3-B80F-49AD-BA7A-40612799154B}.AppStore|Any CPU.ActiveCfg = Release|Any CPU
		{3062CAC3-B80F-49AD-BA7A-40612799154B}.AppStore|Any CPU.Build.0 = Release|Any CPU
		{3062CAC3-B80F-49AD-BA7A-40612799154B}.AppStore|Any CPU.Deploy.0 = Release|Any CPU
		{3062CAC3-B80F-49AD-BA7A-40612799154B}.AppStore|iPhone.ActiveCfg = Release|Any CPU
		{3062CAC3-B80F-49AD-BA7A-40612799154B}.AppStore|iPhone.Build.0 = Release|Any CPU
		{3062CAC3-B80F-49AD-BA7A-40612799154B}.AppStore|iPhone.Deploy.0 = Release|Any CPU
		{3062CAC3-B80F-49AD-BA7A-40612799154B}.AppStore|iPhoneSimulator.ActiveCfg = Release|Any CPU
		{3062CAC3-B80F-49AD-BA7A-40612799154B}.AppStore|iPhoneSimulator.Build.0 = Release|Any CPU
		{3062CAC3-B80F-49AD-BA7A-40612799154B}.AppStore|iPhoneSimulator.Deploy.0 = Release|Any CPU
		{3062CAC3-B80F-49AD-BA7A-40612799154B}.Debug|Any CPU.ActiveCfg = Debug|Any CPU
		{3062CAC3-B80F-49AD-BA7A-40612799154B}.Debug|Any CPU.Build.0 = Debug|Any CPU
		{3062CAC3-B80F-49AD-BA7A-40612799154B}.Debug|Any CPU.Deploy.0 = Debug|Any CPU
		{3062CAC3-B80F-49AD-BA7A-40612799154B}.Debug|iPhone.ActiveCfg = Debug|Any CPU
		{3062CAC3-B80F-49AD-BA7A-40612799154B}.Debug|iPhone.Build.0 = Debug|Any CPU
		{3062CAC3-B80F-49AD-BA7A-40612799154B}.Debug|iPhone.Deploy.0 = Debug|Any CPU
		{3062CAC3-B80F-49AD-BA7A-40612799154B}.Debug|iPhoneSimulator.ActiveCfg = Debug|Any CPU
		{3062CAC3-B80F-49AD-BA7A-40612799154B}.Debug|iPhoneSimulator.Build.0 = Debug|Any CPU
		{3062CAC3-B80F-49AD-BA7A-40612799154B}.Debug|iPhoneSimulator.Deploy.0 = Debug|Any CPU
		{3062CAC3-B80F-49AD-BA7A-40612799154B}.Release|Any CPU.ActiveCfg = Release|Any CPU
		{3062CAC3-B80F-49AD-BA7A-40612799154B}.Release|Any CPU.Build.0 = Release|Any CPU
		{3062CAC3-B80F-49AD-BA7A-40612799154B}.Release|Any CPU.Deploy.0 = Release|Any CPU
		{3062CAC3-B80F-49AD-BA7A-40612799154B}.Release|iPhone.ActiveCfg = Release|Any CPU
		{3062CAC3-B80F-49AD-BA7A-40612799154B}.Release|iPhone.Build.0 = Release|Any CPU
		{3062CAC3-B80F-49AD-BA7A-40612799154B}.Release|iPhone.Deploy.0 = Release|Any CPU
		{3062CAC3-B80F-49AD-BA7A-40612799154B}.Release|iPhoneSimulator.ActiveCfg = Release|Any CPU
		{3062CAC3-B80F-49AD-BA7A-40612799154B}.Release|iPhoneSimulator.Build.0 = Release|Any CPU
		{3062CAC3-B80F-49AD-BA7A-40612799154B}.Release|iPhoneSimulator.Deploy.0 = Release|Any CPU
		{A7A6C520-E7F7-4CBC-8E1D-D001A9CD480F}.Ad-Hoc|Any CPU.ActiveCfg = Ad-Hoc|iPhone
		{A7A6C520-E7F7-4CBC-8E1D-D001A9CD480F}.Ad-Hoc|Any CPU.Build.0 = Ad-Hoc|iPhone
		{A7A6C520-E7F7-4CBC-8E1D-D001A9CD480F}.Ad-Hoc|Any CPU.Deploy.0 = Ad-Hoc|iPhone
		{A7A6C520-E7F7-4CBC-8E1D-D001A9CD480F}.Ad-Hoc|iPhone.ActiveCfg = Ad-Hoc|iPhone
		{A7A6C520-E7F7-4CBC-8E1D-D001A9CD480F}.Ad-Hoc|iPhone.Build.0 = Ad-Hoc|iPhone
		{A7A6C520-E7F7-4CBC-8E1D-D001A9CD480F}.Ad-Hoc|iPhone.Deploy.0 = Ad-Hoc|iPhone
		{A7A6C520-E7F7-4CBC-8E1D-D001A9CD480F}.Ad-Hoc|iPhoneSimulator.ActiveCfg = Ad-Hoc|iPhoneSimulator
		{A7A6C520-E7F7-4CBC-8E1D-D001A9CD480F}.Ad-Hoc|iPhoneSimulator.Build.0 = Ad-Hoc|iPhoneSimulator
		{A7A6C520-E7F7-4CBC-8E1D-D001A9CD480F}.Ad-Hoc|iPhoneSimulator.Deploy.0 = Ad-Hoc|iPhoneSimulator
		{A7A6C520-E7F7-4CBC-8E1D-D001A9CD480F}.AppStore|Any CPU.ActiveCfg = AppStore|iPhone
		{A7A6C520-E7F7-4CBC-8E1D-D001A9CD480F}.AppStore|Any CPU.Build.0 = AppStore|iPhone
		{A7A6C520-E7F7-4CBC-8E1D-D001A9CD480F}.AppStore|Any CPU.Deploy.0 = AppStore|iPhone
		{A7A6C520-E7F7-4CBC-8E1D-D001A9CD480F}.AppStore|iPhone.ActiveCfg = AppStore|iPhone
		{A7A6C520-E7F7-4CBC-8E1D-D001A9CD480F}.AppStore|iPhone.Build.0 = AppStore|iPhone
		{A7A6C520-E7F7-4CBC-8E1D-D001A9CD480F}.AppStore|iPhone.Deploy.0 = AppStore|iPhone
		{A7A6C520-E7F7-4CBC-8E1D-D001A9CD480F}.AppStore|iPhoneSimulator.ActiveCfg = AppStore|iPhoneSimulator
		{A7A6C520-E7F7-4CBC-8E1D-D001A9CD480F}.AppStore|iPhoneSimulator.Build.0 = AppStore|iPhoneSimulator
		{A7A6C520-E7F7-4CBC-8E1D-D001A9CD480F}.AppStore|iPhoneSimulator.Deploy.0 = AppStore|iPhoneSimulator
		{A7A6C520-E7F7-4CBC-8E1D-D001A9CD480F}.Debug|Any CPU.ActiveCfg = Debug|iPhoneSimulator
		{A7A6C520-E7F7-4CBC-8E1D-D001A9CD480F}.Debug|Any CPU.Build.0 = Debug|iPhoneSimulator
		{A7A6C520-E7F7-4CBC-8E1D-D001A9CD480F}.Debug|Any CPU.Deploy.0 = Debug|iPhoneSimulator
		{A7A6C520-E7F7-4CBC-8E1D-D001A9CD480F}.Debug|iPhone.ActiveCfg = Debug|iPhone
		{A7A6C520-E7F7-4CBC-8E1D-D001A9CD480F}.Debug|iPhone.Build.0 = Debug|iPhone
		{A7A6C520-E7F7-4CBC-8E1D-D001A9CD480F}.Debug|iPhone.Deploy.0 = Debug|iPhone
		{A7A6C520-E7F7-4CBC-8E1D-D001A9CD480F}.Debug|iPhoneSimulator.ActiveCfg = Debug|iPhoneSimulator
		{A7A6C520-E7F7-4CBC-8E1D-D001A9CD480F}.Debug|iPhoneSimulator.Build.0 = Debug|iPhoneSimulator
		{A7A6C520-E7F7-4CBC-8E1D-D001A9CD480F}.Debug|iPhoneSimulator.Deploy.0 = Debug|iPhoneSimulator
		{A7A6C520-E7F7-4CBC-8E1D-D001A9CD480F}.Release|Any CPU.ActiveCfg = Release|iPhone
		{A7A6C520-E7F7-4CBC-8E1D-D001A9CD480F}.Release|Any CPU.Build.0 = Release|iPhone
		{A7A6C520-E7F7-4CBC-8E1D-D001A9CD480F}.Release|Any CPU.Deploy.0 = Release|iPhone
		{A7A6C520-E7F7-4CBC-8E1D-D001A9CD480F}.Release|iPhone.ActiveCfg = Release|iPhone
		{A7A6C520-E7F7-4CBC-8E1D-D001A9CD480F}.Release|iPhone.Build.0 = Release|iPhone
		{A7A6C520-E7F7-4CBC-8E1D-D001A9CD480F}.Release|iPhone.Deploy.0 = Release|iPhone
		{A7A6C520-E7F7-4CBC-8E1D-D001A9CD480F}.Release|iPhoneSimulator.ActiveCfg = Release|iPhoneSimulator
		{A7A6C520-E7F7-4CBC-8E1D-D001A9CD480F}.Release|iPhoneSimulator.Build.0 = Release|iPhoneSimulator
		{A7A6C520-E7F7-4CBC-8E1D-D001A9CD480F}.Release|iPhoneSimulator.Deploy.0 = Release|iPhoneSimulator
		{31BF8665-7EA2-42DF-9D61-905AE1045D7B}.Ad-Hoc|Any CPU.ActiveCfg = Debug|Any CPU
		{31BF8665-7EA2-42DF-9D61-905AE1045D7B}.Ad-Hoc|Any CPU.Build.0 = Debug|Any CPU
		{31BF8665-7EA2-42DF-9D61-905AE1045D7B}.Ad-Hoc|Any CPU.Deploy.0 = Debug|Any CPU
		{31BF8665-7EA2-42DF-9D61-905AE1045D7B}.Ad-Hoc|iPhone.ActiveCfg = Debug|Any CPU
		{31BF8665-7EA2-42DF-9D61-905AE1045D7B}.Ad-Hoc|iPhone.Build.0 = Debug|Any CPU
		{31BF8665-7EA2-42DF-9D61-905AE1045D7B}.Ad-Hoc|iPhone.Deploy.0 = Debug|Any CPU
		{31BF8665-7EA2-42DF-9D61-905AE1045D7B}.Ad-Hoc|iPhoneSimulator.ActiveCfg = Debug|Any CPU
		{31BF8665-7EA2-42DF-9D61-905AE1045D7B}.Ad-Hoc|iPhoneSimulator.Build.0 = Debug|Any CPU
		{31BF8665-7EA2-42DF-9D61-905AE1045D7B}.Ad-Hoc|iPhoneSimulator.Deploy.0 = Debug|Any CPU
		{31BF8665-7EA2-42DF-9D61-905AE1045D7B}.AppStore|Any CPU.ActiveCfg = Debug|Any CPU
		{31BF8665-7EA2-42DF-9D61-905AE1045D7B}.AppStore|Any CPU.Build.0 = Debug|Any CPU
		{31BF8665-7EA2-42DF-9D61-905AE1045D7B}.AppStore|Any CPU.Deploy.0 = Debug|Any CPU
		{31BF8665-7EA2-42DF-9D61-905AE1045D7B}.AppStore|iPhone.ActiveCfg = Debug|Any CPU
		{31BF8665-7EA2-42DF-9D61-905AE1045D7B}.AppStore|iPhone.Build.0 = Debug|Any CPU
		{31BF8665-7EA2-42DF-9D61-905AE1045D7B}.AppStore|iPhone.Deploy.0 = Debug|Any CPU
		{31BF8665-7EA2-42DF-9D61-905AE1045D7B}.AppStore|iPhoneSimulator.ActiveCfg = Debug|Any CPU
		{31BF8665-7EA2-42DF-9D61-905AE1045D7B}.AppStore|iPhoneSimulator.Build.0 = Debug|Any CPU
		{31BF8665-7EA2-42DF-9D61-905AE1045D7B}.AppStore|iPhoneSimulator.Deploy.0 = Debug|Any CPU
		{31BF8665-7EA2-42DF-9D61-905AE1045D7B}.Debug|Any CPU.ActiveCfg = Debug|Any CPU
		{31BF8665-7EA2-42DF-9D61-905AE1045D7B}.Debug|Any CPU.Build.0 = Debug|Any CPU
		{31BF8665-7EA2-42DF-9D61-905AE1045D7B}.Debug|Any CPU.Deploy.0 = Debug|Any CPU
		{31BF8665-7EA2-42DF-9D61-905AE1045D7B}.Debug|iPhone.ActiveCfg = Debug|Any CPU
		{31BF8665-7EA2-42DF-9D61-905AE1045D7B}.Debug|iPhone.Build.0 = Debug|Any CPU
		{31BF8665-7EA2-42DF-9D61-905AE1045D7B}.Debug|iPhone.Deploy.0 = Debug|Any CPU
		{31BF8665-7EA2-42DF-9D61-905AE1045D7B}.Debug|iPhoneSimulator.ActiveCfg = Debug|Any CPU
		{31BF8665-7EA2-42DF-9D61-905AE1045D7B}.Debug|iPhoneSimulator.Build.0 = Debug|Any CPU
		{31BF8665-7EA2-42DF-9D61-905AE1045D7B}.Debug|iPhoneSimulator.Deploy.0 = Debug|Any CPU
		{31BF8665-7EA2-42DF-9D61-905AE1045D7B}.Release|Any CPU.ActiveCfg = Release|Any CPU
		{31BF8665-7EA2-42DF-9D61-905AE1045D7B}.Release|Any CPU.Build.0 = Release|Any CPU
		{31BF8665-7EA2-42DF-9D61-905AE1045D7B}.Release|Any CPU.Deploy.0 = Release|Any CPU
		{31BF8665-7EA2-42DF-9D61-905AE1045D7B}.Release|iPhone.ActiveCfg = Release|Any CPU
		{31BF8665-7EA2-42DF-9D61-905AE1045D7B}.Release|iPhone.Build.0 = Release|Any CPU
		{31BF8665-7EA2-42DF-9D61-905AE1045D7B}.Release|iPhone.Deploy.0 = Release|Any CPU
		{31BF8665-7EA2-42DF-9D61-905AE1045D7B}.Release|iPhoneSimulator.ActiveCfg = Release|Any CPU
		{31BF8665-7EA2-42DF-9D61-905AE1045D7B}.Release|iPhoneSimulator.Build.0 = Release|Any CPU
		{31BF8665-7EA2-42DF-9D61-905AE1045D7B}.Release|iPhoneSimulator.Deploy.0 = Release|Any CPU
	EndGlobalSection
	GlobalSection(SolutionProperties) = preSolution
		HideSolutionNode = FALSE
	EndGlobalSection
	GlobalSection(ExtensibilityGlobals) = postSolution
		SolutionGuid = {59BCDC30-000C-4AB0-9725-7FDA7567954B}
	EndGlobalSection
EndGlobal
